
Microsoft Visual Studio Solution File, Format Version 12.00
# Visual Studio Version 16
VisualStudioVersion = 16.0.29613.14
MinimumVisualStudioVersion = 10.0.40219.1
Project("{FAE04EC0-301F-11D3-BF4B-00C04F79EFBC}") = "ReactJsDemoWithAspNetCore", "ReactJsDemoWithAspNetCore\ReactJsDemoWithAspNetCore.csproj", "{39A65115-C283-4177-88D0-4A45346807D0}"
EndProject
Global
	GlobalSection(SolutionConfigurationPlatforms) = preSolution
		Debug|Any CPU = Debug|Any CPU
		Release|Any CPU = Release|Any CPU
	EndGlobalSection
	GlobalSection(ProjectConfigurationPlatforms) = postSolution
		{39A65115-C283-4177-88D0-4A45346807D0}.Debug|Any CPU.ActiveCfg = Debug|Any CPU
		{39A65115-C283-4177-88D0-4A45346807D0}.Debug|Any CPU.Build.0 = Debug|Any CPU
		{39A65115-C283-4177-88D0-4A45346807D0}.Release|Any CPU.ActiveCfg = Release|Any CPU
		{39A65115-C283-4177-88D0-4A45346807D0}.Release|Any CPU.Build.0 = Release|Any CPU
	EndGlobalSection
	GlobalSection(SolutionProperties) = preSolution
		HideSolutionNode = FALSE
	EndGlobalSection
	GlobalSection(ExtensibilityGlobals) = postSolution
		SolutionGuid = {951958EB-FCE6-4455-A80A-19CA434DE4DD}
	EndGlobalSection
EndGlobal
